{
  "name": "albercas_mar_nueva",
  "lockfileVersion": 2,
  "requires": true,
  "packages": {
    "": {
      "dependencies": {
        "photoswipe-dynamic-caption-plugin": "^1.1.1"
      }
    },
    "node_modules/photoswipe-dynamic-caption-plugin": {
      "version": "1.1.1",
      "resolved": "https://registry.npmjs.org/photoswipe-dynamic-caption-plugin/-/photoswipe-dynamic-caption-plugin-1.1.1.tgz",
      "integrity": "sha512-uP0e8udjkevikEKcq2HrYOsWvjlfc5MKZcjjbVNQpfPPrK1ovnc+lGIKpnGzm4VBRXCg08WOaWrN6BACOMssYA=="
    }
  },
  "dependencies": {
    "photoswipe-dynamic-caption-plugin": {
      "version": "1.1.1",
      "resolved": "https://registry.npmjs.org/photoswipe-dynamic-caption-plugin/-/photoswipe-dynamic-caption-plugin-1.1.1.tgz",
      "integrity": "sha512-uP0e8udjkevikEKcq2HrYOsWvjlfc5MKZcjjbVNQpfPPrK1ovnc+lGIKpnGzm4VBRXCg08WOaWrN6BACOMssYA=="
    }
  }
}
